
Microsoft Visual Studio Solution File, Format Version 12.00
# Visual Studio Version 16
VisualStudioVersion = 16.0.33423.256
MinimumVisualStudioVersion = 10.0.40219.1
Project("{FAE04EC0-301F-11D3-BF4B-00C04F79EFBC}") = "MonitorokFullOOP", "MonitorokFullOOP\MonitorokFullOOP.csproj", "{55F68875-55F4-4BCF-AC81-247EC1CBF756}"
EndProject
Global
	GlobalSection(SolutionConfigurationPlatforms) = preSolution
		Debug|Any CPU = Debug|Any CPU
		Release|Any CPU = Release|Any CPU
	EndGlobalSection
	GlobalSection(ProjectConfigurationPlatforms) = postSolution
		{55F68875-55F4-4BCF-AC81-247EC1CBF756}.Debug|Any CPU.ActiveCfg = Debug|Any CPU
		{55F68875-55F4-4BCF-AC81-247EC1CBF756}.Debug|Any CPU.Build.0 = Debug|Any CPU
		{55F68875-55F4-4BCF-AC81-247EC1CBF756}.Release|Any CPU.ActiveCfg = Release|Any CPU
		{55F68875-55F4-4BCF-AC81-247EC1CBF756}.Release|Any CPU.Build.0 = Release|Any CPU
	EndGlobalSection
	GlobalSection(SolutionProperties) = preSolution
		HideSolutionNode = FALSE
	EndGlobalSection
	GlobalSection(ExtensibilityGlobals) = postSolution
		SolutionGuid = {FCB2F304-961A-43C9-8D35-FABB821A3794}
	EndGlobalSection
EndGlobal
